
Microsoft Visual Studio Solution File, Format Version 12.00
# Visual Studio Version 17
VisualStudioVersion = 17.0.31903.59
MinimumVisualStudioVersion = 10.0.40219.1
Project("{FAE04EC0-301F-11D3-BF4B-00C04F79EFBC}") = "MagicBreakfast.Contracts", "MagicBreakfast.Contracts\MagicBreakfast.Contracts.csproj", "{8F880449-F080-40BA-9FBA-DB41E85D3B8E}"
EndProject
Project("{FAE04EC0-301F-11D3-BF4B-00C04F79EFBC}") = "MagicBreakfast", "MagicBreakfast\MagicBreakfast.csproj", "{D4047110-8337-4F9D-8E37-ABDCF7F13395}"
EndProject
Global
	GlobalSection(SolutionConfigurationPlatforms) = preSolution
		Debug|Any CPU = Debug|Any CPU
		Release|Any CPU = Release|Any CPU
	EndGlobalSection
	GlobalSection(SolutionProperties) = preSolution
		HideSolutionNode = FALSE
	EndGlobalSection
	GlobalSection(ProjectConfigurationPlatforms) = postSolution
		{8F880449-F080-40BA-9FBA-DB41E85D3B8E}.Debug|Any CPU.ActiveCfg = Debug|Any CPU
		{8F880449-F080-40BA-9FBA-DB41E85D3B8E}.Debug|Any CPU.Build.0 = Debug|Any CPU
		{8F880449-F080-40BA-9FBA-DB41E85D3B8E}.Release|Any CPU.ActiveCfg = Release|Any CPU
		{8F880449-F080-40BA-9FBA-DB41E85D3B8E}.Release|Any CPU.Build.0 = Release|Any CPU
		{D4047110-8337-4F9D-8E37-ABDCF7F13395}.Debug|Any CPU.ActiveCfg = Debug|Any CPU
		{D4047110-8337-4F9D-8E37-ABDCF7F13395}.Debug|Any CPU.Build.0 = Debug|Any CPU
		{D4047110-8337-4F9D-8E37-ABDCF7F13395}.Release|Any CPU.ActiveCfg = Release|Any CPU
		{D4047110-8337-4F9D-8E37-ABDCF7F13395}.Release|Any CPU.Build.0 = Release|Any CPU
	EndGlobalSection
EndGlobal
